
Microsoft Visual Studio Solution File, Format Version 12.00
# Visual Studio 15
VisualStudioVersion = 15.0.26430.13
MinimumVisualStudioVersion = 10.0.40219.1
Project("{8BC9CEB8-8B4A-11D0-8D11-00A0C91BC942}") = "SAMP-GPS", "SAMP-GPS\SAMP-GPS.vcxproj", "{2224E0A0-9C3E-45B4-BD83-C038F2DDAF6A}"
EndProject
Global
	GlobalSection(SolutionConfigurationPlatforms) = preSolution
		Debug|x86 = Debug|x86
		Release|x86 = Release|x86
	EndGlobalSection
	GlobalSection(ProjectConfigurationPlatforms) = postSolution
		{2224E0A0-9C3E-45B4-BD83-C038F2DDAF6A}.Debug|x86.ActiveCfg = Debug|Win32
		{2224E0A0-9C3E-45B4-BD83-C038F2DDAF6A}.Debug|x86.Build.0 = Debug|Win32
		{2224E0A0-9C3E-45B4-BD83-C038F2DDAF6A}.Release|x86.ActiveCfg = Release|Win32
		{2224E0A0-9C3E-45B4-BD83-C038F2DDAF6A}.Release|x86.Build.0 = Release|Win32
	EndGlobalSection
	GlobalSection(SolutionProperties) = preSolution
		HideSolutionNode = FALSE
	EndGlobalSection
EndGlobal
